
Microsoft Visual Studio Solution File, Format Version 12.00
# Visual Studio 2012
Project("{8BC9CEB8-8B4A-11D0-8D11-00A0C91BC942}") = "OPENGLTheFirstDive", "OPENGLTheFirstDive\OPENGLTheFirstDive.vcxproj", "{AED70A53-8B4E-4EE9-99F3-14562A3BC171}"
EndProject
Global
	GlobalSection(SolutionConfigurationPlatforms) = preSolution
		Debug|Win32 = Debug|Win32
		Release|Win32 = Release|Win32
	EndGlobalSection
	GlobalSection(ProjectConfigurationPlatforms) = postSolution
		{AED70A53-8B4E-4EE9-99F3-14562A3BC171}.Debug|Win32.ActiveCfg = Debug|Win32
		{AED70A53-8B4E-4EE9-99F3-14562A3BC171}.Debug|Win32.Build.0 = Debug|Win32
		{AED70A53-8B4E-4EE9-99F3-14562A3BC171}.Release|Win32.ActiveCfg = Release|Win32
		{AED70A53-8B4E-4EE9-99F3-14562A3BC171}.Release|Win32.Build.0 = Release|Win32
	EndGlobalSection
	GlobalSection(SolutionProperties) = preSolution
		HideSolutionNode = FALSE
	EndGlobalSection
EndGlobal
